{
  "requires": true,
  "lockfileVersion": 1,
  "dependencies": {
    "ng2-pdf-viewer": {
      "version": "7.0.1",
      "resolved": "https://registry.npmjs.org/ng2-pdf-viewer/-/ng2-pdf-viewer-7.0.1.tgz",
      "integrity": "sha512-kjjsvHd5t1Ff7ydb3Far3d6cSyw/XJH5KXgcp/0bFzSFBAV2c5aOghxoY/yQVjgG+R6F16nVUh2UrZdngLXLSg==",
      "requires": {
        "pdfjs-dist": "~2.7.570",
        "tslib": "^2.0.0"
      }
    },
    "pdfjs-dist": {
      "version": "2.7.570",
      "resolved": "https://registry.npmjs.org/pdfjs-dist/-/pdfjs-dist-2.7.570.tgz",
      "integrity": "sha512-/ZkA1FwkEOyDaq11JhMLazdwQAA0F9uwrP7h/1L9Akt9KWh1G5/tkzS+bPuUELq2s2GDFnaT+kooN/aSjT7DXQ=="
    },
    "tslib": {
      "version": "2.3.0",
      "resolved": "https://registry.npmjs.org/tslib/-/tslib-2.3.0.tgz",
      "integrity": "sha512-N82ooyxVNm6h1riLCoyS9e3fuJ3AMG2zIZs2Gd1ATcSFjSA23Q0fzjjZeh0jbJvWVDZ0cJT8yaNNaaXHzueNjg=="
    }
  }
}
